
Microsoft Visual Studio Solution File, Format Version 12.00
Project("{2150E333-8FDC-42A3-9474-1A3956D46DE8}") = "Services", "Services", "{040FC76B-491D-490F-B1B7-2E9A8B4EC64C}"
EndProject
Project("{2150E333-8FDC-42A3-9474-1A3956D46DE8}") = "Data", "Data", "{59D5689D-7AFB-4396-A5CD-1385A59ED4DC}"
EndProject
Project("{FAE04EC0-301F-11D3-BF4B-00C04F79EFBC}") = "BankingDataAccess", "BankingDataAccess\BankingDataAccess.csproj", "{2B19665A-970B-4F69-ACA4-A21E6A628ED5}"
EndProject
Project("{FAE04EC0-301F-11D3-BF4B-00C04F79EFBC}") = "BankingDataAccess_Tests", "BankingDataAccess_Tests\BankingDataAccess_Tests.csproj", "{7C44BF81-68B6-49A3-8B0B-4D47578730C4}"
EndProject
Project("{FAE04EC0-301F-11D3-BF4B-00C04F79EFBC}") = "BankingSeeding", "BankingSeeding\BankingSeeding.csproj", "{0893D6E0-655E-4AD6-86FF-F8BD8DF24A7A}"
EndProject
Project("{2150E333-8FDC-42A3-9474-1A3956D46DE8}") = "WebApps", "WebApps", "{2C1F01E8-6A81-4883-BD5A-C7C75C8516D5}"
EndProject
Project("{FAE04EC0-301F-11D3-BF4B-00C04F79EFBC}") = "UserClients", "UserClients\UserClients.csproj", "{11B712CD-3BD7-41A1-9E92-D17AD7FAFFC8}"
EndProject
Project("{2150E333-8FDC-42A3-9474-1A3956D46DE8}") = "UserClients", "UserClients", "{3FEA9BE0-EE08-4A78-A914-793BDDF9C5A2}"
EndProject
Project("{FAE04EC0-301F-11D3-BF4B-00C04F79EFBC}") = "UserClients.DataAccess", "UserClients.DataAccess\UserClients.DataAccess.csproj", "{E0528297-CD7E-4BA1-84A1-32BA4A15EB8A}"
EndProject
Project("{FAE04EC0-301F-11D3-BF4B-00C04F79EFBC}") = "UserClients.DataAccess.Database", "UserClients.DataAccess.Database\UserClients.DataAccess.Database.csproj", "{F94F9EED-B265-4E85-B09F-8422F71C50A2}"
EndProject
Project("{FAE04EC0-301F-11D3-BF4B-00C04F79EFBC}") = "UserClients.BusinessLogic", "UserClients.BusinessLogic\UserClients.BusinessLogic.csproj", "{18ACD20C-E9B8-426B-B8FD-3B843AB375FF}"
EndProject
Project("{FAE04EC0-301F-11D3-BF4B-00C04F79EFBC}") = "SmallConsoleView", "SmallConsoleView\SmallConsoleView.csproj", "{1EBFEFCF-488D-462F-848D-46206E3A27C4}"
EndProject
Project("{2150E333-8FDC-42A3-9474-1A3956D46DE8}") = "Tools", "Tools", "{83BF67D2-4B9B-4B91-8C52-B02FC8E0C7DA}"
EndProject
Project("{FAE04EC0-301F-11D3-BF4B-00C04F79EFBC}") = "GenericTools", "GenericTools\GenericTools.csproj", "{FF6B34F0-AC77-454E-AD4A-C5455C734877}"
EndProject
Project("{2150E333-8FDC-42A3-9474-1A3956D46DE8}") = "InternalUsers", "InternalUsers", "{69206561-1528-46A5-9607-B96D0147CD1D}"
EndProject
Project("{2150E333-8FDC-42A3-9474-1A3956D46DE8}") = "Shared", "Shared", "{7434AD67-7070-45BD-B258-88904114B888}"
EndProject
Project("{FAE04EC0-301F-11D3-BF4B-00C04F79EFBC}") = "Shared", "Shared\Shared.csproj", "{B579CC15-D45B-4178-9D43-8FE596EE2DE1}"
EndProject
Project("{FAE04EC0-301F-11D3-BF4B-00C04F79EFBC}") = "InternalUsers", "InternalUsers\InternalUsers.csproj", "{01039513-F40F-491F-89CD-2D56CE30D116}"
EndProject
Project("{FAE04EC0-301F-11D3-BF4B-00C04F79EFBC}") = "InternalUsers.DataAccess.Database", "InternalUsers.DataAccess.Database\InternalUsers.DataAccess.Database.csproj", "{866E9B00-E4BA-4CC8-9704-BCC49F7C47D8}"
EndProject
Project("{FAE04EC0-301F-11D3-BF4B-00C04F79EFBC}") = "InternalUsers.BusinessLogic", "InternalUsers.BusinessLogic\InternalUsers.BusinessLogic.csproj", "{3F605717-9356-4FF8-8CCF-BE16B9D3D09D}"
EndProject
Project("{FAE04EC0-301F-11D3-BF4B-00C04F79EFBC}") = "InternalUsers.DataAccess", "InternalUsers.DataAccess\InternalUsers.DataAccess.csproj", "{C1AA3E00-253E-47EA-9EC1-864C71809C1D}"
EndProject
Global
	GlobalSection(SolutionConfigurationPlatforms) = preSolution
		Debug|Any CPU = Debug|Any CPU
		Release|Any CPU = Release|Any CPU
	EndGlobalSection
	GlobalSection(NestedProjects) = preSolution
		{2B19665A-970B-4F69-ACA4-A21E6A628ED5} = {59D5689D-7AFB-4396-A5CD-1385A59ED4DC}
		{7C44BF81-68B6-49A3-8B0B-4D47578730C4} = {59D5689D-7AFB-4396-A5CD-1385A59ED4DC}
		{0893D6E0-655E-4AD6-86FF-F8BD8DF24A7A} = {59D5689D-7AFB-4396-A5CD-1385A59ED4DC}
		{3FEA9BE0-EE08-4A78-A914-793BDDF9C5A2} = {040FC76B-491D-490F-B1B7-2E9A8B4EC64C}
		{11B712CD-3BD7-41A1-9E92-D17AD7FAFFC8} = {3FEA9BE0-EE08-4A78-A914-793BDDF9C5A2}
		{E0528297-CD7E-4BA1-84A1-32BA4A15EB8A} = {3FEA9BE0-EE08-4A78-A914-793BDDF9C5A2}
		{F94F9EED-B265-4E85-B09F-8422F71C50A2} = {3FEA9BE0-EE08-4A78-A914-793BDDF9C5A2}
		{18ACD20C-E9B8-426B-B8FD-3B843AB375FF} = {3FEA9BE0-EE08-4A78-A914-793BDDF9C5A2}
		{1EBFEFCF-488D-462F-848D-46206E3A27C4} = {2C1F01E8-6A81-4883-BD5A-C7C75C8516D5}
		{FF6B34F0-AC77-454E-AD4A-C5455C734877} = {83BF67D2-4B9B-4B91-8C52-B02FC8E0C7DA}
		{69206561-1528-46A5-9607-B96D0147CD1D} = {040FC76B-491D-490F-B1B7-2E9A8B4EC64C}
		{7434AD67-7070-45BD-B258-88904114B888} = {040FC76B-491D-490F-B1B7-2E9A8B4EC64C}
		{B579CC15-D45B-4178-9D43-8FE596EE2DE1} = {7434AD67-7070-45BD-B258-88904114B888}
		{01039513-F40F-491F-89CD-2D56CE30D116} = {69206561-1528-46A5-9607-B96D0147CD1D}
		{866E9B00-E4BA-4CC8-9704-BCC49F7C47D8} = {69206561-1528-46A5-9607-B96D0147CD1D}
		{3F605717-9356-4FF8-8CCF-BE16B9D3D09D} = {69206561-1528-46A5-9607-B96D0147CD1D}
		{C1AA3E00-253E-47EA-9EC1-864C71809C1D} = {69206561-1528-46A5-9607-B96D0147CD1D}
	EndGlobalSection
	GlobalSection(ProjectConfigurationPlatforms) = postSolution
		{2B19665A-970B-4F69-ACA4-A21E6A628ED5}.Debug|Any CPU.ActiveCfg = Debug|Any CPU
		{2B19665A-970B-4F69-ACA4-A21E6A628ED5}.Debug|Any CPU.Build.0 = Debug|Any CPU
		{2B19665A-970B-4F69-ACA4-A21E6A628ED5}.Release|Any CPU.ActiveCfg = Release|Any CPU
		{2B19665A-970B-4F69-ACA4-A21E6A628ED5}.Release|Any CPU.Build.0 = Release|Any CPU
		{7C44BF81-68B6-49A3-8B0B-4D47578730C4}.Debug|Any CPU.ActiveCfg = Debug|Any CPU
		{7C44BF81-68B6-49A3-8B0B-4D47578730C4}.Debug|Any CPU.Build.0 = Debug|Any CPU
		{7C44BF81-68B6-49A3-8B0B-4D47578730C4}.Release|Any CPU.ActiveCfg = Release|Any CPU
		{7C44BF81-68B6-49A3-8B0B-4D47578730C4}.Release|Any CPU.Build.0 = Release|Any CPU
		{0893D6E0-655E-4AD6-86FF-F8BD8DF24A7A}.Debug|Any CPU.ActiveCfg = Debug|Any CPU
		{0893D6E0-655E-4AD6-86FF-F8BD8DF24A7A}.Debug|Any CPU.Build.0 = Debug|Any CPU
		{0893D6E0-655E-4AD6-86FF-F8BD8DF24A7A}.Release|Any CPU.ActiveCfg = Release|Any CPU
		{0893D6E0-655E-4AD6-86FF-F8BD8DF24A7A}.Release|Any CPU.Build.0 = Release|Any CPU
		{11B712CD-3BD7-41A1-9E92-D17AD7FAFFC8}.Debug|Any CPU.ActiveCfg = Debug|Any CPU
		{11B712CD-3BD7-41A1-9E92-D17AD7FAFFC8}.Debug|Any CPU.Build.0 = Debug|Any CPU
		{11B712CD-3BD7-41A1-9E92-D17AD7FAFFC8}.Release|Any CPU.ActiveCfg = Release|Any CPU
		{11B712CD-3BD7-41A1-9E92-D17AD7FAFFC8}.Release|Any CPU.Build.0 = Release|Any CPU
		{E0528297-CD7E-4BA1-84A1-32BA4A15EB8A}.Debug|Any CPU.ActiveCfg = Debug|Any CPU
		{E0528297-CD7E-4BA1-84A1-32BA4A15EB8A}.Debug|Any CPU.Build.0 = Debug|Any CPU
		{E0528297-CD7E-4BA1-84A1-32BA4A15EB8A}.Release|Any CPU.ActiveCfg = Release|Any CPU
		{E0528297-CD7E-4BA1-84A1-32BA4A15EB8A}.Release|Any CPU.Build.0 = Release|Any CPU
		{F94F9EED-B265-4E85-B09F-8422F71C50A2}.Debug|Any CPU.ActiveCfg = Debug|Any CPU
		{F94F9EED-B265-4E85-B09F-8422F71C50A2}.Debug|Any CPU.Build.0 = Debug|Any CPU
		{F94F9EED-B265-4E85-B09F-8422F71C50A2}.Release|Any CPU.ActiveCfg = Release|Any CPU
		{F94F9EED-B265-4E85-B09F-8422F71C50A2}.Release|Any CPU.Build.0 = Release|Any CPU
		{18ACD20C-E9B8-426B-B8FD-3B843AB375FF}.Debug|Any CPU.ActiveCfg = Debug|Any CPU
		{18ACD20C-E9B8-426B-B8FD-3B843AB375FF}.Debug|Any CPU.Build.0 = Debug|Any CPU
		{18ACD20C-E9B8-426B-B8FD-3B843AB375FF}.Release|Any CPU.ActiveCfg = Release|Any CPU
		{18ACD20C-E9B8-426B-B8FD-3B843AB375FF}.Release|Any CPU.Build.0 = Release|Any CPU
		{1EBFEFCF-488D-462F-848D-46206E3A27C4}.Debug|Any CPU.ActiveCfg = Debug|Any CPU
		{1EBFEFCF-488D-462F-848D-46206E3A27C4}.Debug|Any CPU.Build.0 = Debug|Any CPU
		{1EBFEFCF-488D-462F-848D-46206E3A27C4}.Release|Any CPU.ActiveCfg = Release|Any CPU
		{1EBFEFCF-488D-462F-848D-46206E3A27C4}.Release|Any CPU.Build.0 = Release|Any CPU
		{FF6B34F0-AC77-454E-AD4A-C5455C734877}.Debug|Any CPU.ActiveCfg = Debug|Any CPU
		{FF6B34F0-AC77-454E-AD4A-C5455C734877}.Debug|Any CPU.Build.0 = Debug|Any CPU
		{FF6B34F0-AC77-454E-AD4A-C5455C734877}.Release|Any CPU.ActiveCfg = Release|Any CPU
		{FF6B34F0-AC77-454E-AD4A-C5455C734877}.Release|Any CPU.Build.0 = Release|Any CPU
		{B579CC15-D45B-4178-9D43-8FE596EE2DE1}.Debug|Any CPU.ActiveCfg = Debug|Any CPU
		{B579CC15-D45B-4178-9D43-8FE596EE2DE1}.Debug|Any CPU.Build.0 = Debug|Any CPU
		{B579CC15-D45B-4178-9D43-8FE596EE2DE1}.Release|Any CPU.ActiveCfg = Release|Any CPU
		{B579CC15-D45B-4178-9D43-8FE596EE2DE1}.Release|Any CPU.Build.0 = Release|Any CPU
		{01039513-F40F-491F-89CD-2D56CE30D116}.Debug|Any CPU.ActiveCfg = Debug|Any CPU
		{01039513-F40F-491F-89CD-2D56CE30D116}.Debug|Any CPU.Build.0 = Debug|Any CPU
		{01039513-F40F-491F-89CD-2D56CE30D116}.Release|Any CPU.ActiveCfg = Release|Any CPU
		{01039513-F40F-491F-89CD-2D56CE30D116}.Release|Any CPU.Build.0 = Release|Any CPU
		{866E9B00-E4BA-4CC8-9704-BCC49F7C47D8}.Debug|Any CPU.ActiveCfg = Debug|Any CPU
		{866E9B00-E4BA-4CC8-9704-BCC49F7C47D8}.Debug|Any CPU.Build.0 = Debug|Any CPU
		{866E9B00-E4BA-4CC8-9704-BCC49F7C47D8}.Release|Any CPU.ActiveCfg = Release|Any CPU
		{866E9B00-E4BA-4CC8-9704-BCC49F7C47D8}.Release|Any CPU.Build.0 = Release|Any CPU
		{3F605717-9356-4FF8-8CCF-BE16B9D3D09D}.Debug|Any CPU.ActiveCfg = Debug|Any CPU
		{3F605717-9356-4FF8-8CCF-BE16B9D3D09D}.Debug|Any CPU.Build.0 = Debug|Any CPU
		{3F605717-9356-4FF8-8CCF-BE16B9D3D09D}.Release|Any CPU.ActiveCfg = Release|Any CPU
		{3F605717-9356-4FF8-8CCF-BE16B9D3D09D}.Release|Any CPU.Build.0 = Release|Any CPU
		{C1AA3E00-253E-47EA-9EC1-864C71809C1D}.Debug|Any CPU.ActiveCfg = Debug|Any CPU
		{C1AA3E00-253E-47EA-9EC1-864C71809C1D}.Debug|Any CPU.Build.0 = Debug|Any CPU
		{C1AA3E00-253E-47EA-9EC1-864C71809C1D}.Release|Any CPU.ActiveCfg = Release|Any CPU
		{C1AA3E00-253E-47EA-9EC1-864C71809C1D}.Release|Any CPU.Build.0 = Release|Any CPU
	EndGlobalSection
EndGlobal
